
Microsoft Visual Studio Solution File, Format Version 12.00
# Visual Studio 15
VisualStudioVersion = 15.0.28307.779
MinimumVisualStudioVersion = 10.0.40219.1
Project("{FAE04EC0-301F-11D3-BF4B-00C04F79EFBC}") = "EXODemo.Console", "EXODemo.Console\EXODemo.Console.csproj", "{1F9D9C8E-73B0-4425-A086-F4DBE04C9B8E}"
EndProject
Project("{2150E333-8FDC-42A3-9474-1A3956D46DE8}") = "Solution Items", "Solution Items", "{945B01A1-F500-4CEC-BCCE-922FD2BFB7B4}"
	ProjectSection(SolutionItems) = preProject
		New-SelfSignedCertificateEx.ps1 = New-SelfSignedCertificateEx.ps1
	EndProjectSection
EndProject
Global
	GlobalSection(SolutionConfigurationPlatforms) = preSolution
		Debug|Any CPU = Debug|Any CPU
		Release|Any CPU = Release|Any CPU
	EndGlobalSection
	GlobalSection(ProjectConfigurationPlatforms) = postSolution
		{1F9D9C8E-73B0-4425-A086-F4DBE04C9B8E}.Debug|Any CPU.ActiveCfg = Debug|Any CPU
		{1F9D9C8E-73B0-4425-A086-F4DBE04C9B8E}.Debug|Any CPU.Build.0 = Debug|Any CPU
		{1F9D9C8E-73B0-4425-A086-F4DBE04C9B8E}.Release|Any CPU.ActiveCfg = Release|Any CPU
		{1F9D9C8E-73B0-4425-A086-F4DBE04C9B8E}.Release|Any CPU.Build.0 = Release|Any CPU
	EndGlobalSection
	GlobalSection(SolutionProperties) = preSolution
		HideSolutionNode = FALSE
	EndGlobalSection
	GlobalSection(ExtensibilityGlobals) = postSolution
		SolutionGuid = {751A5634-81F6-4F14-B1AA-D3A8EFE3CF67}
	EndGlobalSection
EndGlobal
